
Microsoft Visual Studio Solution File, Format Version 12.00
# Visual Studio Version 17
VisualStudioVersion = 17.0.31903.59
MinimumVisualStudioVersion = 10.0.40219.1
Project("{2150E333-8FDC-42A3-9474-1A3956D46DE8}") = "src", "src", "{853452EB-7658-4E2B-B43B-31FDC766B862}"
EndProject
Project("{FAE04EC0-301F-11D3-BF4B-00C04F79EFBC}") = "GamifiedMathDrill.Api", "src\GamifiedMathDrill.Api\GamifiedMathDrill.Api.csproj", "{8CF9E37F-6A0A-492B-8761-396BA2B0CCDA}"
EndProject
Project("{FAE04EC0-301F-11D3-BF4B-00C04F79EFBC}") = "GamifiedMathDrill.Core", "src\GamifiedMathDrill.Core\GamifiedMathDrill.Core.csproj", "{FBB29738-F6F6-4041-AA5B-D670E85DAB25}"
EndProject
Project("{FAE04EC0-301F-11D3-BF4B-00C04F79EFBC}") = "GamifiedMathDrill.Infrastructure", "src\GamifiedMathDrill.Infrastructure\GamifiedMathDrill.Infrastructure.csproj", "{2905B025-1485-4DE9-928D-232E68BB2DC1}"
EndProject
Project("{2150E333-8FDC-42A3-9474-1A3956D46DE8}") = "tests", "tests", "{018C31C8-2A97-4BD0-92CF-98F358DB3D72}"
EndProject
Project("{FAE04EC0-301F-11D3-BF4B-00C04F79EFBC}") = "GamifiedMathDrill.Tests.Unit", "tests\GamifiedMathDrill.Tests.Unit\GamifiedMathDrill.Tests.Unit.csproj", "{2B1649AD-5B26-4841-B4E1-B2C00F2069C1}"
EndProject
Project("{FAE04EC0-301F-11D3-BF4B-00C04F79EFBC}") = "GamifiedMathDrill.Tests.Integration", "tests\GamifiedMathDrill.Tests.Integration\GamifiedMathDrill.Tests.Integration.csproj", "{28999BD8-BEDD-4B63-9B84-D7779485FFDC}"
EndProject
Project("{FAE04EC0-301F-11D3-BF4B-00C04F79EFBC}") = "GamifiedMathDrill.Migrations.Sqlite", "src\GamifiedMathDrill.Migrations.Sqlite\GamifiedMathDrill.Migrations.Sqlite.csproj", "{B9C2720F-B5CC-431A-9A16-452136C56E88}"
EndProject
Project("{FAE04EC0-301F-11D3-BF4B-00C04F79EFBC}") = "GamifiedMathDrill.Migrations.PostgreSQL", "src\GamifiedMathDrill.Migrations.PostgreSQL\GamifiedMathDrill.Migrations.PostgreSQL.csproj", "{C34051AD-C331-4BD4-A768-2A1C9CC546B4}"
EndProject
Global
	GlobalSection(SolutionConfigurationPlatforms) = preSolution
		Debug|Any CPU = Debug|Any CPU
		Debug|x64 = Debug|x64
		Debug|x86 = Debug|x86
		Release|Any CPU = Release|Any CPU
		Release|x64 = Release|x64
		Release|x86 = Release|x86
	EndGlobalSection
	GlobalSection(ProjectConfigurationPlatforms) = postSolution
		{8CF9E37F-6A0A-492B-8761-396BA2B0CCDA}.Debug|Any CPU.ActiveCfg = Debug|Any CPU
		{8CF9E37F-6A0A-492B-8761-396BA2B0CCDA}.Debug|Any CPU.Build.0 = Debug|Any CPU
		{8CF9E37F-6A0A-492B-8761-396BA2B0CCDA}.Debug|x64.ActiveCfg = Debug|Any CPU
		{8CF9E37F-6A0A-492B-8761-396BA2B0CCDA}.Debug|x64.Build.0 = Debug|Any CPU
		{8CF9E37F-6A0A-492B-8761-396BA2B0CCDA}.Debug|x86.ActiveCfg = Debug|Any CPU
		{8CF9E37F-6A0A-492B-8761-396BA2B0CCDA}.Debug|x86.Build.0 = Debug|Any CPU
		{8CF9E37F-6A0A-492B-8761-396BA2B0CCDA}.Release|Any CPU.ActiveCfg = Release|Any CPU
		{8CF9E37F-6A0A-492B-8761-396BA2B0CCDA}.Release|Any CPU.Build.0 = Release|Any CPU
		{8CF9E37F-6A0A-492B-8761-396BA2B0CCDA}.Release|x64.ActiveCfg = Release|Any CPU
		{8CF9E37F-6A0A-492B-8761-396BA2B0CCDA}.Release|x64.Build.0 = Release|Any CPU
		{8CF9E37F-6A0A-492B-8761-396BA2B0CCDA}.Release|x86.ActiveCfg = Release|Any CPU
		{8CF9E37F-6A0A-492B-8761-396BA2B0CCDA}.Release|x86.Build.0 = Release|Any CPU
		{FBB29738-F6F6-4041-AA5B-D670E85DAB25}.Debug|Any CPU.ActiveCfg = Debug|Any CPU
		{FBB29738-F6F6-4041-AA5B-D670E85DAB25}.Debug|Any CPU.Build.0 = Debug|Any CPU
		{FBB29738-F6F6-4041-AA5B-D670E85DAB25}.Debug|x64.ActiveCfg = Debug|Any CPU
		{FBB29738-F6F6-4041-AA5B-D670E85DAB25}.Debug|x64.Build.0 = Debug|Any CPU
		{FBB29738-F6F6-4041-AA5B-D670E85DAB25}.Debug|x86.ActiveCfg = Debug|Any CPU
		{FBB29738-F6F6-4041-AA5B-D670E85DAB25}.Debug|x86.Build.0 = Debug|Any CPU
		{FBB29738-F6F6-4041-AA5B-D670E85DAB25}.Release|Any CPU.ActiveCfg = Release|Any CPU
		{FBB29738-F6F6-4041-AA5B-D670E85DAB25}.Release|Any CPU.Build.0 = Release|Any CPU
		{FBB29738-F6F6-4041-AA5B-D670E85DAB25}.Release|x64.ActiveCfg = Release|Any CPU
		{FBB29738-F6F6-4041-AA5B-D670E85DAB25}.Release|x64.Build.0 = Release|Any CPU
		{FBB29738-F6F6-4041-AA5B-D670E85DAB25}.Release|x86.ActiveCfg = Release|Any CPU
		{FBB29738-F6F6-4041-AA5B-D670E85DAB25}.Release|x86.Build.0 = Release|Any CPU
		{2905B025-1485-4DE9-928D-232E68BB2DC1}.Debug|Any CPU.ActiveCfg = Debug|Any CPU
		{2905B025-1485-4DE9-928D-232E68BB2DC1}.Debug|Any CPU.Build.0 = Debug|Any CPU
		{2905B025-1485-4DE9-928D-232E68BB2DC1}.Debug|x64.ActiveCfg = Debug|Any CPU
		{2905B025-1485-4DE9-928D-232E68BB2DC1}.Debug|x64.Build.0 = Debug|Any CPU
		{2905B025-1485-4DE9-928D-232E68BB2DC1}.Debug|x86.ActiveCfg = Debug|Any CPU
		{2905B025-1485-4DE9-928D-232E68BB2DC1}.Debug|x86.Build.0 = Debug|Any CPU
		{2905B025-1485-4DE9-928D-232E68BB2DC1}.Release|Any CPU.ActiveCfg = Release|Any CPU
		{2905B025-1485-4DE9-928D-232E68BB2DC1}.Release|Any CPU.Build.0 = Release|Any CPU
		{2905B025-1485-4DE9-928D-232E68BB2DC1}.Release|x64.ActiveCfg = Release|Any CPU
		{2905B025-1485-4DE9-928D-232E68BB2DC1}.Release|x64.Build.0 = Release|Any CPU
		{2905B025-1485-4DE9-928D-232E68BB2DC1}.Release|x86.ActiveCfg = Release|Any CPU
		{2905B025-1485-4DE9-928D-232E68BB2DC1}.Release|x86.Build.0 = Release|Any CPU
		{2B1649AD-5B26-4841-B4E1-B2C00F2069C1}.Debug|Any CPU.ActiveCfg = Debug|Any CPU
		{2B1649AD-5B26-4841-B4E1-B2C00F2069C1}.Debug|Any CPU.Build.0 = Debug|Any CPU
		{2B1649AD-5B26-4841-B4E1-B2C00F2069C1}.Debug|x64.ActiveCfg = Debug|Any CPU
		{2B1649AD-5B26-4841-B4E1-B2C00F2069C1}.Debug|x64.Build.0 = Debug|Any CPU
		{2B1649AD-5B26-4841-B4E1-B2C00F2069C1}.Debug|x86.ActiveCfg = Debug|Any CPU
		{2B1649AD-5B26-4841-B4E1-B2C00F2069C1}.Debug|x86.Build.0 = Debug|Any CPU
		{2B1649AD-5B26-4841-B4E1-B2C00F2069C1}.Release|Any CPU.ActiveCfg = Release|Any CPU
		{2B1649AD-5B26-4841-B4E1-B2C00F2069C1}.Release|Any CPU.Build.0 = Release|Any CPU
		{2B1649AD-5B26-4841-B4E1-B2C00F2069C1}.Release|x64.ActiveCfg = Release|Any CPU
		{2B1649AD-5B26-4841-B4E1-B2C00F2069C1}.Release|x64.Build.0 = Release|Any CPU
		{2B1649AD-5B26-4841-B4E1-B2C00F2069C1}.Release|x86.ActiveCfg = Release|Any CPU
		{2B1649AD-5B26-4841-B4E1-B2C00F2069C1}.Release|x86.Build.0 = Release|Any CPU
		{28999BD8-BEDD-4B63-9B84-D7779485FFDC}.Debug|Any CPU.ActiveCfg = Debug|Any CPU
		{28999BD8-BEDD-4B63-9B84-D7779485FFDC}.Debug|Any CPU.Build.0 = Debug|Any CPU
		{28999BD8-BEDD-4B63-9B84-D7779485FFDC}.Debug|x64.ActiveCfg = Debug|Any CPU
		{28999BD8-BEDD-4B63-9B84-D7779485FFDC}.Debug|x64.Build.0 = Debug|Any CPU
		{28999BD8-BEDD-4B63-9B84-D7779485FFDC}.Debug|x86.ActiveCfg = Debug|Any CPU
		{28999BD8-BEDD-4B63-9B84-D7779485FFDC}.Debug|x86.Build.0 = Debug|Any CPU
		{28999BD8-BEDD-4B63-9B84-D7779485FFDC}.Release|Any CPU.ActiveCfg = Release|Any CPU
		{28999BD8-BEDD-4B63-9B84-D7779485FFDC}.Release|Any CPU.Build.0 = Release|Any CPU
		{28999BD8-BEDD-4B63-9B84-D7779485FFDC}.Release|x64.ActiveCfg = Release|Any CPU
		{28999BD8-BEDD-4B63-9B84-D7779485FFDC}.Release|x64.Build.0 = Release|Any CPU
		{28999BD8-BEDD-4B63-9B84-D7779485FFDC}.Release|x86.ActiveCfg = Release|Any CPU
		{28999BD8-BEDD-4B63-9B84-D7779485FFDC}.Release|x86.Build.0 = Release|Any CPU
		{B9C2720F-B5CC-431A-9A16-452136C56E88}.Debug|Any CPU.ActiveCfg = Debug|Any CPU
		{B9C2720F-B5CC-431A-9A16-452136C56E88}.Debug|Any CPU.Build.0 = Debug|Any CPU
		{B9C2720F-B5CC-431A-9A16-452136C56E88}.Debug|x64.ActiveCfg = Debug|Any CPU
		{B9C2720F-B5CC-431A-9A16-452136C56E88}.Debug|x64.Build.0 = Debug|Any CPU
		{B9C2720F-B5CC-431A-9A16-452136C56E88}.Debug|x86.ActiveCfg = Debug|Any CPU
		{B9C2720F-B5CC-431A-9A16-452136C56E88}.Debug|x86.Build.0 = Debug|Any CPU
		{B9C2720F-B5CC-431A-9A16-452136C56E88}.Release|Any CPU.ActiveCfg = Release|Any CPU
		{B9C2720F-B5CC-431A-9A16-452136C56E88}.Release|Any CPU.Build.0 = Release|Any CPU
		{B9C2720F-B5CC-431A-9A16-452136C56E88}.Release|x64.ActiveCfg = Release|Any CPU
		{B9C2720F-B5CC-431A-9A16-452136C56E88}.Release|x64.Build.0 = Release|Any CPU
		{B9C2720F-B5CC-431A-9A16-452136C56E88}.Release|x86.ActiveCfg = Release|Any CPU
		{B9C2720F-B5CC-431A-9A16-452136C56E88}.Release|x86.Build.0 = Release|Any CPU
		{C34051AD-C331-4BD4-A768-2A1C9CC546B4}.Debug|Any CPU.ActiveCfg = Debug|Any CPU
		{C34051AD-C331-4BD4-A768-2A1C9CC546B4}.Debug|Any CPU.Build.0 = Debug|Any CPU
		{C34051AD-C331-4BD4-A768-2A1C9CC546B4}.Debug|x64.ActiveCfg = Debug|Any CPU
		{C34051AD-C331-4BD4-A768-2A1C9CC546B4}.Debug|x64.Build.0 = Debug|Any CPU
		{C34051AD-C331-4BD4-A768-2A1C9CC546B4}.Debug|x86.ActiveCfg = Debug|Any CPU
		{C34051AD-C331-4BD4-A768-2A1C9CC546B4}.Debug|x86.Build.0 = Debug|Any CPU
		{C34051AD-C331-4BD4-A768-2A1C9CC546B4}.Release|Any CPU.ActiveCfg = Release|Any CPU
		{C34051AD-C331-4BD4-A768-2A1C9CC546B4}.Release|Any CPU.Build.0 = Release|Any CPU
		{C34051AD-C331-4BD4-A768-2A1C9CC546B4}.Release|x64.ActiveCfg = Release|Any CPU
		{C34051AD-C331-4BD4-A768-2A1C9CC546B4}.Release|x64.Build.0 = Release|Any CPU
		{C34051AD-C331-4BD4-A768-2A1C9CC546B4}.Release|x86.ActiveCfg = Release|Any CPU
		{C34051AD-C331-4BD4-A768-2A1C9CC546B4}.Release|x86.Build.0 = Release|Any CPU
	EndGlobalSection
	GlobalSection(SolutionProperties) = preSolution
		HideSolutionNode = FALSE
	EndGlobalSection
	GlobalSection(NestedProjects) = preSolution
		{8CF9E37F-6A0A-492B-8761-396BA2B0CCDA} = {853452EB-7658-4E2B-B43B-31FDC766B862}
		{FBB29738-F6F6-4041-AA5B-D670E85DAB25} = {853452EB-7658-4E2B-B43B-31FDC766B862}
		{2905B025-1485-4DE9-928D-232E68BB2DC1} = {853452EB-7658-4E2B-B43B-31FDC766B862}
		{2B1649AD-5B26-4841-B4E1-B2C00F2069C1} = {018C31C8-2A97-4BD0-92CF-98F358DB3D72}
		{28999BD8-BEDD-4B63-9B84-D7779485FFDC} = {018C31C8-2A97-4BD0-92CF-98F358DB3D72}
		{B9C2720F-B5CC-431A-9A16-452136C56E88} = {853452EB-7658-4E2B-B43B-31FDC766B862}
		{C34051AD-C331-4BD4-A768-2A1C9CC546B4} = {853452EB-7658-4E2B-B43B-31FDC766B862}
	EndGlobalSection
EndGlobal
